
Microsoft Visual Studio Solution File, Format Version 12.00
# Visual Studio Version 16
VisualStudioVersion = 16.0.31025.194
MinimumVisualStudioVersion = 10.0.40219.1
Project("{9A19103F-16F7-4668-BE54-9A1E7A4F7556}") = "BasicMvcWebApp", "BasicMvcWebApp\BasicMvcWebApp.csproj", "{AF43DF52-48CA-4E46-90B8-6EA5CF72463A}"
EndProject
Project("{9A19103F-16F7-4668-BE54-9A1E7A4F7556}") = "DbWebApp", "DbWebApp\DbWebApp.csproj", "{160D30E8-2FA3-4F22-98E6-B2E8757476C8}"
EndProject
Project("{9A19103F-16F7-4668-BE54-9A1E7A4F7556}") = "TodoListWebApp", "TodoListWebApp\TodoListWebApp.csproj", "{116C4662-95B3-4A4B-BA6C-5D88B8A14A21}"
EndProject
Project("{9A19103F-16F7-4668-BE54-9A1E7A4F7556}") = "RestApiTestApp", "RestApiTestApp\RestApiTestApp.csproj", "{7989AE33-FA21-4F71-A766-4B1781E3E543}"
EndProject
Project("{9A19103F-16F7-4668-BE54-9A1E7A4F7556}") = "Myportpolio", "Myportpolio\Myportpolio.csproj", "{BF3DFF18-D848-434C-A37E-ED729DF9CE37}"
EndProject
Project("{00D1A9C2-B5F0-4AF3-8072-F6C62B433612}") = "TotalDatabase", "TotalDatabase\TotalDatabase.sqlproj", "{70EF8EB2-8563-4FD5-8292-E747ED57D768}"
EndProject
Project("{9A19103F-16F7-4668-BE54-9A1E7A4F7556}") = "Myportfolione", "Myportfolione\Myportfolione.csproj", "{FB9BCBF9-5DB8-4BC8-A688-EBFEE958AF30}"
EndProject
Project("{FAE04EC0-301F-11D3-BF4B-00C04F79EFBC}") = "KimSite", "KimSite\KimSite.csproj", "{06166B6B-C066-4687-801C-8D6F3D995DE1}"
EndProject
Global
	GlobalSection(SolutionConfigurationPlatforms) = preSolution
		Debug|Any CPU = Debug|Any CPU
		Release|Any CPU = Release|Any CPU
	EndGlobalSection
	GlobalSection(ProjectConfigurationPlatforms) = postSolution
		{AF43DF52-48CA-4E46-90B8-6EA5CF72463A}.Debug|Any CPU.ActiveCfg = Debug|Any CPU
		{AF43DF52-48CA-4E46-90B8-6EA5CF72463A}.Debug|Any CPU.Build.0 = Debug|Any CPU
		{AF43DF52-48CA-4E46-90B8-6EA5CF72463A}.Release|Any CPU.ActiveCfg = Release|Any CPU
		{AF43DF52-48CA-4E46-90B8-6EA5CF72463A}.Release|Any CPU.Build.0 = Release|Any CPU
		{160D30E8-2FA3-4F22-98E6-B2E8757476C8}.Debug|Any CPU.ActiveCfg = Debug|Any CPU
		{160D30E8-2FA3-4F22-98E6-B2E8757476C8}.Debug|Any CPU.Build.0 = Debug|Any CPU
		{160D30E8-2FA3-4F22-98E6-B2E8757476C8}.Release|Any CPU.ActiveCfg = Release|Any CPU
		{160D30E8-2FA3-4F22-98E6-B2E8757476C8}.Release|Any CPU.Build.0 = Release|Any CPU
		{116C4662-95B3-4A4B-BA6C-5D88B8A14A21}.Debug|Any CPU.ActiveCfg = Debug|Any CPU
		{116C4662-95B3-4A4B-BA6C-5D88B8A14A21}.Debug|Any CPU.Build.0 = Debug|Any CPU
		{116C4662-95B3-4A4B-BA6C-5D88B8A14A21}.Release|Any CPU.ActiveCfg = Release|Any CPU
		{116C4662-95B3-4A4B-BA6C-5D88B8A14A21}.Release|Any CPU.Build.0 = Release|Any CPU
		{7989AE33-FA21-4F71-A766-4B1781E3E543}.Debug|Any CPU.ActiveCfg = Debug|Any CPU
		{7989AE33-FA21-4F71-A766-4B1781E3E543}.Debug|Any CPU.Build.0 = Debug|Any CPU
		{7989AE33-FA21-4F71-A766-4B1781E3E543}.Release|Any CPU.ActiveCfg = Release|Any CPU
		{7989AE33-FA21-4F71-A766-4B1781E3E543}.Release|Any CPU.Build.0 = Release|Any CPU
		{BF3DFF18-D848-434C-A37E-ED729DF9CE37}.Debug|Any CPU.ActiveCfg = Debug|Any CPU
		{BF3DFF18-D848-434C-A37E-ED729DF9CE37}.Debug|Any CPU.Build.0 = Debug|Any CPU
		{BF3DFF18-D848-434C-A37E-ED729DF9CE37}.Release|Any CPU.ActiveCfg = Release|Any CPU
		{BF3DFF18-D848-434C-A37E-ED729DF9CE37}.Release|Any CPU.Build.0 = Release|Any CPU
		{70EF8EB2-8563-4FD5-8292-E747ED57D768}.Debug|Any CPU.ActiveCfg = Debug|Any CPU
		{70EF8EB2-8563-4FD5-8292-E747ED57D768}.Debug|Any CPU.Build.0 = Debug|Any CPU
		{70EF8EB2-8563-4FD5-8292-E747ED57D768}.Debug|Any CPU.Deploy.0 = Debug|Any CPU
		{70EF8EB2-8563-4FD5-8292-E747ED57D768}.Release|Any CPU.ActiveCfg = Release|Any CPU
		{70EF8EB2-8563-4FD5-8292-E747ED57D768}.Release|Any CPU.Build.0 = Release|Any CPU
		{70EF8EB2-8563-4FD5-8292-E747ED57D768}.Release|Any CPU.Deploy.0 = Release|Any CPU
		{FB9BCBF9-5DB8-4BC8-A688-EBFEE958AF30}.Debug|Any CPU.ActiveCfg = Debug|Any CPU
		{FB9BCBF9-5DB8-4BC8-A688-EBFEE958AF30}.Debug|Any CPU.Build.0 = Debug|Any CPU
		{FB9BCBF9-5DB8-4BC8-A688-EBFEE958AF30}.Release|Any CPU.ActiveCfg = Release|Any CPU
		{FB9BCBF9-5DB8-4BC8-A688-EBFEE958AF30}.Release|Any CPU.Build.0 = Release|Any CPU
		{06166B6B-C066-4687-801C-8D6F3D995DE1}.Debug|Any CPU.ActiveCfg = Debug|Any CPU
		{06166B6B-C066-4687-801C-8D6F3D995DE1}.Debug|Any CPU.Build.0 = Debug|Any CPU
		{06166B6B-C066-4687-801C-8D6F3D995DE1}.Release|Any CPU.ActiveCfg = Release|Any CPU
		{06166B6B-C066-4687-801C-8D6F3D995DE1}.Release|Any CPU.Build.0 = Release|Any CPU
	EndGlobalSection
	GlobalSection(SolutionProperties) = preSolution
		HideSolutionNode = FALSE
	EndGlobalSection
	GlobalSection(ExtensibilityGlobals) = postSolution
		SolutionGuid = {C1F752BC-8B7C-481B-832A-85976F1CCD40}
	EndGlobalSection
EndGlobal
