
Microsoft Visual Studio Solution File, Format Version 12.00
# Visual Studio Version 16
VisualStudioVersion = 16.0.31025.194
MinimumVisualStudioVersion = 10.0.40219.1
Project("{FAE04EC0-301F-11D3-BF4B-00C04F79EFBC}") = "DevHelloAspNet", "DevHelloAspNet\DevHelloAspNet.csproj", "{CB1280E9-B6B7-455E-8C42-B4BDD1B98276}"
EndProject
Project("{FAE04EC0-301F-11D3-BF4B-00C04F79EFBC}") = "DevHelloAspNet.Tests", "DevHelloAspNet.Tests\DevHelloAspNet.Tests.csproj", "{FDE3FB0E-7C8E-4D22-BA0D-F357F4D00E49}"
EndProject
Project("{FAE04EC0-301F-11D3-BF4B-00C04F79EFBC}") = "FirstWebApp", "FirstWebApp\FirstWebApp.csproj", "{E29A6489-378B-487B-A6BF-24D17EB72FA9}"
EndProject
Project("{FAE04EC0-301F-11D3-BF4B-00C04F79EFBC}") = "ValdiationwebApp", "ValdiationwebApp\ValdiationwebApp.csproj", "{2D706933-DD71-45B0-9DC1-9B438CDB4F2F}"
EndProject
Project("{FAE04EC0-301F-11D3-BF4B-00C04F79EFBC}") = "TemplateWebApp", "TemplateWebApp\TemplateWebApp.csproj", "{9073AD57-1E10-4799-8CD4-1514150AD6CA}"
EndProject
Project("{FAE04EC0-301F-11D3-BF4B-00C04F79EFBC}") = "StateMngWebApp", "StateMngWebApp\StateMngWebApp.csproj", "{44C34034-3A90-4BCC-919F-1C0A2527CDC4}"
EndProject
Project("{FAE04EC0-301F-11D3-BF4B-00C04F79EFBC}") = "DbHandlingWebApp", "DbHandlingWebApp\DbHandlingWebApp.csproj", "{E1F499B4-71A7-42D0-BAA8-AEBC8CC62123}"
EndProject
Project("{FAE04EC0-301F-11D3-BF4B-00C04F79EFBC}") = "DataControlWebApp", "DataControlWebApp\DataControlWebApp.csproj", "{136DA8E2-30FD-41CA-AB35-8C90D1A7E51C}"
EndProject
Project("{00D1A9C2-B5F0-4AF3-8072-F6C62B433612}") = "TestDB_Database", "TestDB_Database\TestDB_Database.sqlproj", "{2D1B9026-85BC-4529-84A0-AC41B6353495}"
EndProject
Project("{FAE04EC0-301F-11D3-BF4B-00C04F79EFBC}") = "LoginWebApp", "LoginWebApp\LoginWebApp.csproj", "{7075D534-3361-41BA-80EB-2CE56B655393}"
EndProject
Global
	GlobalSection(SolutionConfigurationPlatforms) = preSolution
		Debug|Any CPU = Debug|Any CPU
		Release|Any CPU = Release|Any CPU
	EndGlobalSection
	GlobalSection(ProjectConfigurationPlatforms) = postSolution
		{CB1280E9-B6B7-455E-8C42-B4BDD1B98276}.Debug|Any CPU.ActiveCfg = Debug|Any CPU
		{CB1280E9-B6B7-455E-8C42-B4BDD1B98276}.Debug|Any CPU.Build.0 = Debug|Any CPU
		{CB1280E9-B6B7-455E-8C42-B4BDD1B98276}.Release|Any CPU.ActiveCfg = Release|Any CPU
		{CB1280E9-B6B7-455E-8C42-B4BDD1B98276}.Release|Any CPU.Build.0 = Release|Any CPU
		{FDE3FB0E-7C8E-4D22-BA0D-F357F4D00E49}.Debug|Any CPU.ActiveCfg = Debug|Any CPU
		{FDE3FB0E-7C8E-4D22-BA0D-F357F4D00E49}.Debug|Any CPU.Build.0 = Debug|Any CPU
		{FDE3FB0E-7C8E-4D22-BA0D-F357F4D00E49}.Release|Any CPU.ActiveCfg = Release|Any CPU
		{FDE3FB0E-7C8E-4D22-BA0D-F357F4D00E49}.Release|Any CPU.Build.0 = Release|Any CPU
		{E29A6489-378B-487B-A6BF-24D17EB72FA9}.Debug|Any CPU.ActiveCfg = Debug|Any CPU
		{E29A6489-378B-487B-A6BF-24D17EB72FA9}.Debug|Any CPU.Build.0 = Debug|Any CPU
		{E29A6489-378B-487B-A6BF-24D17EB72FA9}.Release|Any CPU.ActiveCfg = Release|Any CPU
		{E29A6489-378B-487B-A6BF-24D17EB72FA9}.Release|Any CPU.Build.0 = Release|Any CPU
		{2D706933-DD71-45B0-9DC1-9B438CDB4F2F}.Debug|Any CPU.ActiveCfg = Debug|Any CPU
		{2D706933-DD71-45B0-9DC1-9B438CDB4F2F}.Debug|Any CPU.Build.0 = Debug|Any CPU
		{2D706933-DD71-45B0-9DC1-9B438CDB4F2F}.Release|Any CPU.ActiveCfg = Release|Any CPU
		{2D706933-DD71-45B0-9DC1-9B438CDB4F2F}.Release|Any CPU.Build.0 = Release|Any CPU
		{9073AD57-1E10-4799-8CD4-1514150AD6CA}.Debug|Any CPU.ActiveCfg = Debug|Any CPU
		{9073AD57-1E10-4799-8CD4-1514150AD6CA}.Debug|Any CPU.Build.0 = Debug|Any CPU
		{9073AD57-1E10-4799-8CD4-1514150AD6CA}.Release|Any CPU.ActiveCfg = Release|Any CPU
		{9073AD57-1E10-4799-8CD4-1514150AD6CA}.Release|Any CPU.Build.0 = Release|Any CPU
		{44C34034-3A90-4BCC-919F-1C0A2527CDC4}.Debug|Any CPU.ActiveCfg = Debug|Any CPU
		{44C34034-3A90-4BCC-919F-1C0A2527CDC4}.Debug|Any CPU.Build.0 = Debug|Any CPU
		{44C34034-3A90-4BCC-919F-1C0A2527CDC4}.Release|Any CPU.ActiveCfg = Release|Any CPU
		{44C34034-3A90-4BCC-919F-1C0A2527CDC4}.Release|Any CPU.Build.0 = Release|Any CPU
		{E1F499B4-71A7-42D0-BAA8-AEBC8CC62123}.Debug|Any CPU.ActiveCfg = Debug|Any CPU
		{E1F499B4-71A7-42D0-BAA8-AEBC8CC62123}.Debug|Any CPU.Build.0 = Debug|Any CPU
		{E1F499B4-71A7-42D0-BAA8-AEBC8CC62123}.Release|Any CPU.ActiveCfg = Release|Any CPU
		{E1F499B4-71A7-42D0-BAA8-AEBC8CC62123}.Release|Any CPU.Build.0 = Release|Any CPU
		{136DA8E2-30FD-41CA-AB35-8C90D1A7E51C}.Debug|Any CPU.ActiveCfg = Debug|Any CPU
		{136DA8E2-30FD-41CA-AB35-8C90D1A7E51C}.Debug|Any CPU.Build.0 = Debug|Any CPU
		{136DA8E2-30FD-41CA-AB35-8C90D1A7E51C}.Release|Any CPU.ActiveCfg = Release|Any CPU
		{136DA8E2-30FD-41CA-AB35-8C90D1A7E51C}.Release|Any CPU.Build.0 = Release|Any CPU
		{2D1B9026-85BC-4529-84A0-AC41B6353495}.Debug|Any CPU.ActiveCfg = Debug|Any CPU
		{2D1B9026-85BC-4529-84A0-AC41B6353495}.Debug|Any CPU.Build.0 = Debug|Any CPU
		{2D1B9026-85BC-4529-84A0-AC41B6353495}.Debug|Any CPU.Deploy.0 = Debug|Any CPU
		{2D1B9026-85BC-4529-84A0-AC41B6353495}.Release|Any CPU.ActiveCfg = Release|Any CPU
		{2D1B9026-85BC-4529-84A0-AC41B6353495}.Release|Any CPU.Build.0 = Release|Any CPU
		{2D1B9026-85BC-4529-84A0-AC41B6353495}.Release|Any CPU.Deploy.0 = Release|Any CPU
		{7075D534-3361-41BA-80EB-2CE56B655393}.Debug|Any CPU.ActiveCfg = Debug|Any CPU
		{7075D534-3361-41BA-80EB-2CE56B655393}.Debug|Any CPU.Build.0 = Debug|Any CPU
		{7075D534-3361-41BA-80EB-2CE56B655393}.Release|Any CPU.ActiveCfg = Release|Any CPU
		{7075D534-3361-41BA-80EB-2CE56B655393}.Release|Any CPU.Build.0 = Release|Any CPU
	EndGlobalSection
	GlobalSection(SolutionProperties) = preSolution
		HideSolutionNode = FALSE
	EndGlobalSection
	GlobalSection(ExtensibilityGlobals) = postSolution
		SolutionGuid = {9F0225B3-1270-4725-AB09-AEE6E43EE459}
	EndGlobalSection
EndGlobal
